// !$*UTF8*$!
{
	archiveVersion = 1;
	classes = {
	};
	objectVersion = 50;
	objects = {

/* Begin PBXBuildFile section */
		EAEFD49E21ED514200145193 /* AppDelegate.swift in Sources */ = {isa = PBXBuildFile; fileRef = EAEFD49D21ED514200145193 /* AppDelegate.swift */; };
		EAEFD4A021ED514200145193 /* ViewController.swift in Sources */ = {isa = PBXBuildFile; fileRef = EAEFD49F21ED514200145193 /* ViewController.swift */; };
		EAEFD4A321ED514200145193 /* Main.storyboard in Resources */ = {isa = PBXBuildFile; fileRef = EAEFD4A121ED514200145193 /* Main.storyboard */; };
		EAEFD4A521ED514800145193 /* Assets.xcassets in Resources */ = {isa = PBXBuildFile; fileRef = EAEFD4A421ED514800145193 /* Assets.xcassets */; };
		EAEFD4A821ED514800145193 /* LaunchScreen.storyboard in Resources */ = {isa = PBXBuildFile; fileRef = EAEFD4A621ED514800145193 /* LaunchScreen.storyboard */; };
		EAEFD4B321ED514900145193 /* FlixTests.swift in Sources */ = {isa = PBXBuildFile; fileRef = EAEFD4B221ED514900145193 /* FlixTests.swift */; };
		EAEFD4BE21ED514900145193 /* FlixUITests.swift in Sources */ = {isa = PBXBuildFile; fileRef = EAEFD4BD21ED514900145193 /* FlixUITests.swift */; };
/* End PBXBuildFile section */

/* Begin PBXContainerItemProxy section */
		EAEFD4AF21ED514900145193 /* PBXContainerItemProxy */ = {
			isa = PBXContainerItemProxy;
			containerPortal = EAEFD49221ED514200145193 /* Project object */;
			proxyType = 1;
			remoteGlobalIDString = EAEFD49921ED514200145193;
			remoteInfo = Flix;
		};
		EAEFD4BA21ED514900145193 /* PBXContainerItemProxy */ = {
			isa = PBXContainerItemProxy;
			containerPortal = EAEFD49221ED514200145193 /* Project object */;
			proxyType = 1;
			remoteGlobalIDString = EAEFD49921ED514200145193;
			remoteInfo = Flix;
		};
/* End PBXContainerItemProxy section */

/* Begin PBXFileReference section */
		EAEFD49A21ED514200145193 /* Flix.app */ = {isa = PBXFileReference; explicitFileType = wrapper.application; includeInIndex = 0; path = Flix.app; sourceTree = BUILT_PRODUCTS_DIR; };
		EAEFD49D21ED514200145193 /* AppDelegate.swift */ = {isa = PBXFileReference; lastKnownFileType = sourcecode.swift; path = AppDelegate.swift; sourceTree = "<group>"; };
		EAEFD49F21ED514200145193 /* ViewController.swift */ = {isa = PBXFileReference; lastKnownFileType = sourcecode.swift; path = ViewController.swift; sourceTree = "<group>"; };
		EAEFD4A221ED514200145193 /* Base */ = {isa = PBXFileReference; lastKnownFileType = file.storyboard; name = Base; path = Base.lproj/Main.storyboard; sourceTree = "<group>"; };
		EAEFD4A421ED514800145193 /* Assets.xcassets */ = {isa = PBXFileReference; lastKnownFileType = folder.assetcatalog; path = Assets.xcassets; sourceTree = "<group>"; };
		EAEFD4A721ED514800145193 /* Base */ = {isa = PBXFileReference; lastKnownFileType = file.storyboard; name = Base; path = Base.lproj/LaunchScreen.storyboard; sourceTree = "<group>"; };
		EAEFD4A921ED514800145193 /* Info.plist */ = {isa = PBXFileReference; lastKnownFileType = text.plist.xml; path = Info.plist; sourceTree = "<group>"; };
		EAEFD4AE21ED514900145193 /* FlixTests.xctest */ = {isa = PBXFileReference; explicitFileType = wrapper.cfbundle; includeInIndex = 0; path = FlixTests.xctest; sourceTree = BUILT_PRODUCTS_DIR; };
		EAEFD4B221ED514900145193 /* FlixTests.swift */ = {isa = PBXFileReference; lastKnownFileType = sourcecode.swift; path = FlixTests.swift; sourceTree = "<group>"; };
		EAEFD4B421ED514900145193 /* Info.plist */ = {isa = PBXFileReference; lastKnownFileType = text.plist.xml; path = Info.plist; sourceTree = "<group>"; };
		EAEFD4B921ED514900145193 /* FlixUITests.xctest */ = {isa = PBXFileReference; explicitFileType = wrapper.cfbundle; includeInIndex = 0; path = FlixUITests.xctest; sourceTree = BUILT_PRODUCTS_DIR; };
		EAEFD4BD21ED514900145193 /* FlixUITests.swift */ = {isa = PBXFileReference; lastKnownFileType = sourcecode.swift; path = FlixUITests.swift; sourceTree = "<group>"; };
		EAEFD4BF21ED514900145193 /* Info.plist */ = {isa = PBXFileReference; lastKnownFileType = text.plist.xml; path = Info.plist; sourceTree = "<group>"; };
/* End PBXFileReference section */

/* Begin PBXFrameworksBuildPhase section */
		EAEFD49721ED514200145193 /* Frameworks */ = {
			isa = PBXFrameworksBuildPhase;
			buildActionMask = 2147483647;
			files = (
			);
			runOnlyForDeploymentPostprocessing = 0;
		};
		EAEFD4AB21ED514900145193 /* Frameworks */ = {
			isa = PBXFrameworksBuildPhase;
			buildActionMask = 2147483647;
			files = (
			);
			runOnlyForDeploymentPostprocessing = 0;
		};
		EAEFD4B621ED514900145193 /* Frameworks */ = {
			isa = PBXFrameworksBuildPhase;
			buildActionMask = 2147483647;
			files = (
			);
			runOnlyForDeploymentPostprocessing = 0;
		};
/* End PBXFrameworksBuildPhase section */

/* Begin PBXGroup section */
		EAEFD49121ED514200145193 = {
			isa = PBXGroup;
			children = (
				EAEFD49C21ED514200145193 /* Flix */,
				EAEFD4B121ED514900145193 /* FlixTests */,
				EAEFD4BC21ED514900145193 /* FlixUITests */,
				EAEFD49B21ED514200145193 /* Products */,
			);
			sourceTree = "<group>";
		};
		EAEFD49B21ED514200145193 /* Products */ = {
			isa = PBXGroup;
			children = (
				EAEFD49A21ED514200145193 /* Flix.app */,
				EAEFD4AE21ED514900145193 /* FlixTests.xctest */,
				EAEFD4B921ED514900145193 /* FlixUITests.xctest */,
			);
			name = Products;
			sourceTree = "<group>";
		};
		EAEFD49C21ED514200145193 /* Flix */ = {
			isa = PBXGroup;
			children = (
				EAEFD49D21ED514200145193 /* AppDelegate.swift */,
				EAEFD49F21ED514200145193 /* ViewController.swift */,
				EAEFD4A121ED514200145193 /* Main.storyboard */,
				EAEFD4A421ED514800145193 /* Assets.xcassets */,
				EAEFD4A621ED514800145193 /* LaunchScreen.storyboard */,
				EAEFD4A921ED514800145193 /* Info.plist */,
			);
			path = Flix;
			sourceTree = "<group>";
		};
		EAEFD4B121ED514900145193 /* FlixTests */ = {
			isa = PBXGroup;
			children = (
				EAEFD4B221ED514900145193 /* FlixTests.swift */,
				EAEFD4B421ED514900145193 /* Info.plist */,
			);
			path = FlixTests;
			sourceTree = "<group>";
		};
		EAEFD4BC21ED514900145193 /* FlixUITests */ = {
			isa = PBXGroup;
			children = (
				EAEFD4BD21ED514900145193 /* FlixUITests.swift */,
				EAEFD4BF21ED514900145193 /* Info.plist */,
			);
			path = FlixUITests;
			sourceTree = "<group>";
		};
/* End PBXGroup section */

/* Begin PBXNativeTarget section */
		EAEFD49921ED514200145193 /* Flix */ = {
			isa = PBXNativeTarget;
			buildConfigurationList = EAEFD4C221ED514900145193 /* Build configuration list for PBXNativeTarget "Flix" */;
			buildPhases = (
				EAEFD49621ED514200145193 /* Sources */,
				EAEFD49721ED514200145193 /* Frameworks */,
				EAEFD49821ED514200145193 /* Resources */,
			);
			buildRules = (
			);
			dependencies = (
			);
			name = Flix;
			productName = Flix;
			productReference = EAEFD49A21ED514200145193 /* Flix.app */;
			productType = "com.apple.product-type.application";
		};
		EAEFD4AD21ED514900145193 /* FlixTests */ = {
			isa = PBXNativeTarget;
			buildConfigurationList = EAEFD4C521ED514900145193 /* Build configuration list for PBXNativeTarget "FlixTests" */;
			buildPhases = (
				EAEFD4AA21ED514900145193 /* Sources */,
				EAEFD4AB21ED514900145193 /* Frameworks */,
				EAEFD4AC21ED514900145193 /* Resources */,
			);
			buildRules = (
			);
			dependencies = (
				EAEFD4B021ED514900145193 /* PBXTargetDependency */,
			);
			name = FlixTests;
			productName = FlixTests;
			productReference = EAEFD4AE21ED514900145193 /* FlixTests.xctest */;
			productType = "com.apple.product-type.bundle.unit-test";
		};
		EAEFD4B821ED514900145193 /* FlixUITests */ = {
			isa = PBXNativeTarget;
			buildConfigurationList = EAEFD4C821ED514900145193 /* Build configuration list for PBXNativeTarget "FlixUITests" */;
			buildPhases = (
				EAEFD4B521ED514900145193 /* Sources */,
				EAEFD4B621ED514900145193 /* Frameworks */,
				EAEFD4B721ED514900145193 /* Resources */,
			);
			buildRules = (
			);
			dependencies = (
				EAEFD4BB21ED514900145193 /* PBXTargetDependency */,
			);
			name = FlixUITests;
			productName = FlixUITests;
			productReference = EAEFD4B921ED514900145193 /* FlixUITests.xctest */;
			productType = "com.apple.product-type.bundle.ui-testing";
		};
/* End PBXNativeTarget section */

/* Begin PBXProject section */
		EAEFD49221ED514200145193 /* Project object */ = {
			isa = PBXProject;
			attributes = {
				LastSwiftUpdateCheck = 1010;
				LastUpgradeCheck = 1010;
				ORGANIZATIONNAME = "Alex Rich";
				TargetAttributes = {
					EAEFD49921ED514200145193 = {
						CreatedOnToolsVersion = 10.1;
					};
					EAEFD4AD21ED514900145193 = {
						CreatedOnToolsVersion = 10.1;
						TestTargetID = EAEFD49921ED514200145193;
					};
					EAEFD4B821ED514900145193 = {
						CreatedOnToolsVersion = 10.1;
						TestTargetID = EAEFD49921ED514200145193;
					};
				};
			};
			buildConfigurationList = EAEFD49521ED514200145193 /* Build configuration list for PBXProject "Flix" */;
			compatibilityVersion = "Xcode 9.3";
			developmentRegion = en;
			hasScannedForEncodings = 0;
			knownRegions = (
				en,
				Base,
			);
			mainGroup = EAEFD49121ED514200145193;
			productRefGroup = EAEFD49B21ED514200145193 /* Products */;
			projectDirPath = "";
			projectRoot = "";
			targets = (
				EAEFD49921ED514200145193 /* Flix */,
				EAEFD4AD21ED514900145193 /* FlixTests */,
				EAEFD4B821ED514900145193 /* FlixUITests */,
			);
		};
/* End PBXProject section */

/* Begin PBXResourcesBuildPhase section */
		EAEFD49821ED514200145193 /* Resources */ = {
			isa = PBXResourcesBuildPhase;
			buildActionMask = 2147483647;
			files = (
				EAEFD4A821ED514800145193 /* LaunchScreen.storyboard in Resources */,
				EAEFD4A521ED514800145193 /* Assets.xcassets in Resources */,
				EAEFD4A321ED514200145193 /* Main.storyboard in Resources */,
			);
			runOnlyForDeploymentPostprocessing = 0;
		};
		EAEFD4AC21ED514900145193 /* Resources */ = {
			isa = PBXResourcesBuildPhase;
			buildActionMask = 2147483647;
			files = (
			);
			runOnlyForDeploymentPostprocessing = 0;
		};
		EAEFD4B721ED514900145193 /* Resources */ = {
			isa = PBXResourcesBuildPhase;
			buildActionMask = 2147483647;
			files = (
			);
			runOnlyForDeploymentPostprocessing = 0;
		};
/* End PBXResourcesBuildPhase section */

/* Begin PBXSourcesBuildPhase section */
		EAEFD49621ED514200145193 /* Sources */ = {
			isa = PBXSourcesBuildPhase;
			buildActionMask = 2147483647;
			files = (
				EAEFD4A021ED514200145193 /* ViewController.swift in Sources */,
				EAEFD49E21ED514200145193 /* AppDelegate.swift in Sources */,
			);
			runOnlyForDeploymentPostprocessing = 0;
		};
		EAEFD4AA21ED514900145193 /* Sources */ = {
			isa = PBXSourcesBuildPhase;
			buildActionMask = 2147483647;
			files = (
				EAEFD4B321ED514900145193 /* FlixTests.swift in Sources */,
			);
			runOnlyForDeploymentPostprocessing = 0;
		};
		EAEFD4B521ED514900145193 /* Sources */ = {
			isa = PBXSourcesBuildPhase;
			buildActionMask = 2147483647;
			files = (
				EAEFD4BE21ED514900145193 /* FlixUITests.swift in Sources */,
			);
			runOnlyForDeploymentPostprocessing = 0;
		};
/* End PBXSourcesBuildPhase section */

/* Begin PBXTargetDependency section */
		EAEFD4B021ED514900145193 /* PBXTargetDependency */ = {
			isa = PBXTargetDependency;
			target = EAEFD49921ED514200145193 /* Flix */;
			targetProxy = EAEFD4AF21ED514900145193 /* PBXContainerItemProxy */;
		};
		EAEFD4BB21ED514900145193 /* PBXTargetDependency */ = {
			isa = PBXTargetDependency;
			target = EAEFD49921ED514200145193 /* Flix */;
			targetProxy = EAEFD4BA21ED514900145193 /* PBXContainerItemProxy */;
		};
/* End PBXTargetDependency section */

/* Begin PBXVariantGroup section */
		EAEFD4A121ED514200145193 /* Main.storyboard */ = {
			isa = PBXVariantGroup;
			children = (
				EAEFD4A221ED514200145193 /* Base */,
			);
			name = Main.storyboard;
			sourceTree = "<group>";
		};
		EAEFD4A621ED514800145193 /* LaunchScreen.storyboard */ = {
			isa = PBXVariantGroup;
			children = (
				EAEFD4A721ED514800145193 /* Base */,
			);
			name = LaunchScreen.storyboard;
			sourceTree = "<group>";
		};
/* End PBXVariantGroup section */

/* Begin XCBuildConfiguration section */
		EAEFD4C021ED514900145193 /* Debug */ = {
			isa = XCBuildConfiguration;
			buildSettings = {
				ALWAYS_SEARCH_USER_PATHS = NO;
				CLANG_ANALYZER_NONNULL = YES;
				CLANG_ANALYZER_NUMBER_OBJECT_CONVERSION = YES_AGGRESSIVE;
				CLANG_CXX_LANGUAGE_STANDARD = "gnu++14";
				CLANG_CXX_LIBRARY = "libc++";
				CLANG_ENABLE_MODULES = YES;
				CLANG_ENABLE_OBJC_ARC = YES;
				CLANG_ENABLE_OBJC_WEAK = YES;
				CLANG_WARN_BLOCK_CAPTURE_AUTORELEASING = YES;
				CLANG_WARN_BOOL_CONVERSION = YES;
				CLANG_WARN_COMMA = YES;
				CLANG_WARN_CONSTANT_CONVERSION = YES;
				CLANG_WARN_DEPRECATED_OBJC_IMPLEMENTATIONS = YES;
				CLANG_WARN_DIRECT_OBJC_ISA_USAGE = YES_ERROR;
				CLANG_WARN_DOCUMENTATION_COMMENTS = YES;
				CLANG_WARN_EMPTY_BODY = YES;
				CLANG_WARN_ENUM_CONVERSION = YES;
				CLANG_WARN_INFINITE_RECURSION = YES;
				CLANG_WARN_INT_CONVERSION = YES;
				CLANG_WARN_NON_LITERAL_NULL_CONVERSION = YES;
				CLANG_WARN_OBJC_IMPLICIT_RETAIN_SELF = YES;
				CLANG_WARN_OBJC_LITERAL_CONVERSION = YES;
				CLANG_WARN_OBJC_ROOT_CLASS = YES_ERROR;
				CLANG_WARN_RANGE_LOOP_ANALYSIS = YES;
				CLANG_WARN_STRICT_PROTOTYPES = YES;
				CLANG_WARN_SUSPICIOUS_MOVE = YES;
				CLANG_WARN_UNGUARDED_AVAILABILITY = YES_AGGRESSIVE;
				CLANG_WARN_UNREACHABLE_CODE = YES;
				CLANG_WARN__DUPLICATE_METHOD_MATCH = YES;
				CODE_SIGN_IDENTITY = "iPhone Developer";
				COPY_PHASE_STRIP = NO;
				DEBUG_INFORMATION_FORMAT = dwarf;
				ENABLE_STRICT_OBJC_MSGSEND = YES;
				ENABLE_TESTABILITY = YES;
				GCC_C_LANGUAGE_STANDARD = gnu11;
				GCC_DYNAMIC_NO_PIC = NO;
				GCC_NO_COMMON_BLOCKS = YES;
				GCC_OPTIMIZATION_LEVEL = 0;
				GCC_PREPROCESSOR_DEFINITIONS = (
					"DEBUG=1",
					"$(inherited)",
				);
				GCC_WARN_64_TO_32_BIT_CONVERSION = YES;
				GCC_WARN_ABOUT_RETURN_TYPE = YES_ERROR;
				GCC_WARN_UNDECLARED_SELECTOR = YES;
				GCC_WARN_UNINITIALIZED_AUTOS = YES_AGGRESSIVE;
				GCC_WARN_UNUSED_FUNCTION = YES;
				GCC_WARN_UNUSED_VARIABLE = YES;
				IPHONEOS_DEPLOYMENT_TARGET = 12.1;
				MTL_ENABLE_DEBUG_INFO = INCLUDE_SOURCE;
				MTL_FAST_MATH = YES;
				ONLY_ACTIVE_ARCH = YES;
				SDKROOT = iphoneos;
				SWIFT_ACTIVE_COMPILATION_CONDITIONS = DEBUG;
				SWIFT_OPTIMIZATION_LEVEL = "-Onone";
			};
			name = Debug;
		};
		EAEFD4C121ED514900145193 /* Release */ = {
			isa = XCBuildConfiguration;
			buildSettings = {
				ALWAYS_SEARCH_USER_PATHS = NO;
				CLANG_ANALYZER_NONNULL = YES;
				CLANG_ANALYZER_NUMBER_OBJECT_CONVERSION = YES_AGGRESSIVE;
				CLANG_CXX_LANGUAGE_STANDARD = "gnu++14";
				CLANG_CXX_LIBRARY = "libc++";
				CLANG_ENABLE_MODULES = YES;
				CLANG_ENABLE_OBJC_ARC = YES;
				CLANG_ENABLE_OBJC_WEAK = YES;
				CLANG_WARN_BLOCK_CAPTURE_AUTORELEASING = YES;
				CLANG_WARN_BOOL_CONVERSION = YES;
				CLANG_WARN_COMMA = YES;
				CLANG_WARN_CONSTANT_CONVERSION = YES;
				CLANG_WARN_DEPRECATED_OBJC_IMPLEMENTATIONS = YES;
				CLANG_WARN_DIRECT_OBJC_ISA_USAGE = YES_ERROR;
				CLANG_WARN_DOCUMENTATION_COMMENTS = YES;
				CLANG_WARN_EMPTY_BODY = YES;
				CLANG_WARN_ENUM_CONVERSION = YES;
				CLANG_WARN_INFINITE_RECURSION = YES;
				CLANG_WARN_INT_CONVERSION = YES;
				CLANG_WARN_NON_LITERAL_NULL_CONVERSION = YES;
				CLANG_WARN_OBJC_IMPLICIT_RETAIN_SELF = YES;
				CLANG_WARN_OBJC_LITERAL_CONVERSION = YES;
				CLANG_WARN_OBJC_ROOT_CLASS = YES_ERROR;
				CLANG_WARN_RANGE_LOOP_ANALYSIS = YES;
				CLANG_WARN_STRICT_PROTOTYPES = YES;
				CLANG_WARN_SUSPICIOUS_MOVE = YES;
				CLANG_WARN_UNGUARDED_AVAILABILITY = YES_AGGRESSIVE;
				CLANG_WARN_UNREACHABLE_CODE = YES;
				CLANG_WARN__DUPLICATE_METHOD_MATCH = YES;
				CODE_SIGN_IDENTITY = "iPhone Developer";
				COPY_PHASE_STRIP = NO;
				DEBUG_INFORMATION_FORMAT = "dwarf-with-dsym";
				ENABLE_NS_ASSERTIONS = NO;
				ENABLE_STRICT_OBJC_MSGSEND = YES;
				GCC_C_LANGUAGE_STANDARD = gnu11;
				GCC_NO_COMMON_BLOCKS = YES;
				GCC_WARN_64_TO_32_BIT_CONVERSION = YES;
				GCC_WARN_ABOUT_RETURN_TYPE = YES_ERROR;
				GCC_WARN_UNDECLARED_SELECTOR = YES;
				GCC_WARN_UNINITIALIZED_AUTOS = YES_AGGRESSIVE;
				GCC_WARN_UNUSED_FUNCTION = YES;
				GCC_WARN_UNUSED_VARIABLE = YES;
				IPHONEOS_DEPLOYMENT_TARGET = 12.1;
				MTL_ENABLE_DEBUG_INFO = NO;
				MTL_FAST_MATH = YES;
				SDKROOT = iphoneos;
				SWIFT_COMPILATION_MODE = wholemodule;
				SWIFT_OPTIMIZATION_LEVEL = "-O";
				VALIDATE_PRODUCT = YES;
			};
			name = Release;
		};
		EAEFD4C321ED514900145193 /* Debug */ = {
			isa = XCBuildConfiguration;
			buildSettings = {
				ASSETCATALOG_COMPILER_APPICON_NAME = AppIcon;
				CODE_SIGN_STYLE = Automatic;
				INFOPLIST_FILE = Flix/Info.plist;
				LD_RUNPATH_SEARCH_PATHS = (
					"$(inherited)",
					"@executable_path/Frameworks",
				);
				PRODUCT_BUNDLE_IDENTIFIER = com.arich00.Flix;
				PRODUCT_NAME = "$(TARGET_NAME)";
				SWIFT_VERSION = 4.2;
				TARGETED_DEVICE_FAMILY = "1,2";
			};
			name = Debug;
		};
		EAEFD4C421ED514900145193 /* Release */ = {
			isa = XCBuildConfiguration;
			buildSettings = {
				ASSETCATALOG_COMPILER_APPICON_NAME = AppIcon;
				CODE_SIGN_STYLE = Automatic;
				INFOPLIST_FILE = Flix/Info.plist;
				LD_RUNPATH_SEARCH_PATHS = (
					"$(inherited)",
					"@executable_path/Frameworks",
				);
				PRODUCT_BUNDLE_IDENTIFIER = com.arich00.Flix;
				PRODUCT_NAME = "$(TARGET_NAME)";
				SWIFT_VERSION = 4.2;
				TARGETED_DEVICE_FAMILY = "1,2";
			};
			name = Release;
		};
		EAEFD4C621ED514900145193 /* Debug */ = {
			isa = XCBuildConfiguration;
			buildSettings = {
				ALWAYS_EMBED_SWIFT_STANDARD_LIBRARIES = YES;
				BUNDLE_LOADER = "$(TEST_HOST)";
				CODE_SIGN_STYLE = Automatic;
				INFOPLIST_FILE = FlixTests/Info.plist;
				LD_RUNPATH_SEARCH_PATHS = (
					"$(inherited)",
					"@executable_path/Frameworks",
					"@loader_path/Frameworks",
				);
				PRODUCT_BUNDLE_IDENTIFIER = com.arich00.FlixTests;
				PRODUCT_NAME = "$(TARGET_NAME)";
				SWIFT_VERSION = 4.2;
				TARGETED_DEVICE_FAMILY = "1,2";
				TEST_HOST = "$(BUILT_PRODUCTS_DIR)/Flix.app/Flix";
			};
			name = Debug;
		};
		EAEFD4C721ED514900145193 /* Release */ = {
			isa = XCBuildConfiguration;
			buildSettings = {
				ALWAYS_EMBED_SWIFT_STANDARD_LIBRARIES = YES;
				BUNDLE_LOADER = "$(TEST_HOST)";
				CODE_SIGN_STYLE = Automatic;
				INFOPLIST_FILE = FlixTests/Info.plist;
				LD_RUNPATH_SEARCH_PATHS = (
					"$(inherited)",
					"@executable_path/Frameworks",
					"@loader_path/Frameworks",
				);
				PRODUCT_BUNDLE_IDENTIFIER = com.arich00.FlixTests;
				PRODUCT_NAME = "$(TARGET_NAME)";
				SWIFT_VERSION = 4.2;
				TARGETED_DEVICE_FAMILY = "1,2";
				TEST_HOST = "$(BUILT_PRODUCTS_DIR)/Flix.app/Flix";
			};
			name = Release;
		};
		EAEFD4C921ED514900145193 /* Debug */ = {
			isa = XCBuildConfiguration;
			buildSettings = {
				ALWAYS_EMBED_SWIFT_STANDARD_LIBRARIES = YES;
				CODE_SIGN_STYLE = Automatic;
				INFOPLIST_FILE = FlixUITests/Info.plist;
				LD_RUNPATH_SEARCH_PATHS = (
					"$(inherited)",
					"@executable_path/Frameworks",
					"@loader_path/Frameworks",
				);
				PRODUCT_BUNDLE_IDENTIFIER = com.arich00.FlixUITests;
				PRODUCT_NAME = "$(TARGET_NAME)";
				SWIFT_VERSION = 4.2;
				TARGETED_DEVICE_FAMILY = "1,2";
				TEST_TARGET_NAME = Flix;
			};
			name = Debug;
		};
		EAEFD4CA21ED514900145193 /* Release */ = {
			isa = XCBuildConfiguration;
			buildSettings = {
				ALWAYS_EMBED_SWIFT_STANDARD_LIBRARIES = YES;
				CODE_SIGN_STYLE = Automatic;
				INFOPLIST_FILE = FlixUITests/Info.plist;
				LD_RUNPATH_SEARCH_PATHS = (
					"$(inherited)",
					"@executable_path/Frameworks",
					"@loader_path/Frameworks",
				);
				PRODUCT_BUNDLE_IDENTIFIER = com.arich00.FlixUITests;
				PRODUCT_NAME = "$(TARGET_NAME)";
				SWIFT_VERSION = 4.2;
				TARGETED_DEVICE_FAMILY = "1,2";
				TEST_TARGET_NAME = Flix;
			};
			name = Release;
		};
/* End XCBuildConfiguration section */

/* Begin XCConfigurationList section */
		EAEFD49521ED514200145193 /* Build configuration list for PBXProject "Flix" */ = {
			isa = XCConfigurationList;
			buildConfigurations = (
				EAEFD4C021ED514900145193 /* Debug */,
				EAEFD4C121ED514900145193 /* Release */,
			);
			defaultConfigurationIsVisible = 0;
			defaultConfigurationName = Release;
		};
		EAEFD4C221ED514900145193 /* Build configuration list for PBXNativeTarget "Flix" */ = {
			isa = XCConfigurationList;
			buildConfigurations = (
				EAEFD4C321ED514900145193 /* Debug */,
				EAEFD4C421ED514900145193 /* Release */,
			);
			defaultConfigurationIsVisible = 0;
			defaultConfigurationName = Release;
		};
		EAEFD4C521ED514900145193 /* Build configuration list for PBXNativeTarget "FlixTests" */ = {
			isa = XCConfigurationList;
			buildConfigurations = (
				EAEFD4C621ED514900145193 /* Debug */,
				EAEFD4C721ED514900145193 /* Release */,
			);
			defaultConfigurationIsVisible = 0;
			defaultConfigurationName = Release;
		};
		EAEFD4C821ED514900145193 /* Build configuration list for PBXNativeTarget "FlixUITests" */ = {
			isa = XCConfigurationList;
			buildConfigurations = (
				EAEFD4C921ED514900145193 /* Debug */,
				EAEFD4CA21ED514900145193 /* Release */,
			);
			defaultConfigurationIsVisible = 0;
			defaultConfigurationName = Release;
		};
/* End XCConfigurationList section */
	};
	rootObject = EAEFD49221ED514200145193 /* Project object */;
}
